{
  "name": "bfos-system",
  "version": "1.0.0",
  "lockfileVersion": 1,
  "dependencies": {
    "blessed": {
      "version": "git+https://github.com/erickzanardo/blessed.git#071714d44fd0aa16093744438c59877ba2dc6e57"
    },
    "color": {
      "version": "0.7.3",
      "resolved": "https://registry.npmjs.org/color/-/color-0.7.3.tgz",
      "integrity": "sha1-qzrkvGy4z62110nEDzSuoIgQT4k="
    },
    "color-convert": {
      "version": "0.5.3",
      "resolved": "https://registry.npmjs.org/color-convert/-/color-convert-0.5.3.tgz",
      "integrity": "sha1-vbbGnOZg+t/+CwAHzER+G59ygr0="
    },
    "color-name": {
      "version": "1.0.1",
      "resolved": "https://registry.npmjs.org/color-name/-/color-name-1.0.1.tgz",
      "integrity": "sha1-azSyspt3FgE5crC51b7c+7Zxjfg="
    },
    "color-string": {
      "version": "0.2.4",
      "resolved": "https://registry.npmjs.org/color-string/-/color-string-0.2.4.tgz",
      "integrity": "sha1-Ih/2QjT3Gqo+E7yMfoyV883Y+Bo="
    },
    "colornames": {
      "version": "0.0.2",
      "resolved": "https://registry.npmjs.org/colornames/-/colornames-0.0.2.tgz",
      "integrity": "sha1-2BH9bIT1kClJmorEQ2ICk1uSvjE="
    },
    "diagnostics": {
      "version": "0.0.4",
      "resolved": "https://registry.npmjs.org/diagnostics/-/diagnostics-0.0.4.tgz",
      "integrity": "sha1-eSo8cRW+XfRl5pOZBRdcslNAbRc="
    },
    "emits": {
      "version": "3.0.0",
      "resolved": "https://registry.npmjs.org/emits/-/emits-3.0.0.tgz",
      "integrity": "sha1-MnUrupXhcHshlWI4Srm7ix/WL3A="
    },
    "env-variable": {
      "version": "0.0.3",
      "resolved": "https://registry.npmjs.org/env-variable/-/env-variable-0.0.3.tgz",
      "integrity": "sha1-uGwWQb5WECZ9UG8YBx6nbXBwl8s="
    },
    "extend": {
      "version": "1.2.1",
      "resolved": "https://registry.npmjs.org/extend/-/extend-1.2.1.tgz",
      "integrity": "sha1-oPX9bPyDpf5J72mNYOyKYk3UV2w="
    },
    "extendible": {
      "version": "0.1.1",
      "resolved": "https://registry.npmjs.org/extendible/-/extendible-0.1.1.tgz",
      "integrity": "sha1-4qN+2HEp+0+VM+io11BiMKU5yQU="
    },
    "find-exec": {
      "version": "https://registry.npmjs.org/find-exec/-/find-exec-0.0.8.tgz",
      "integrity": "sha1-yJ02iUrXtuKqNrhCcNCyycMjRNs="
    },
    "fusing": {
      "version": "1.0.0",
      "resolved": "https://registry.npmjs.org/fusing/-/fusing-1.0.0.tgz",
      "integrity": "sha1-VQwV12r5Jld4qgUezkTUAAoJjUU="
    },
    "git-cutlass": {
      "version": "1.0.6",
      "resolved": "https://registry.npmjs.org/git-cutlass/-/git-cutlass-1.0.6.tgz",
      "integrity": "sha1-wNbuppyRE0oWKt3bgD2vYJDbpwk="
    },
    "git-format": {
      "version": "0.0.1",
      "resolved": "https://registry.npmjs.org/git-format/-/git-format-0.0.1.tgz",
      "integrity": "sha1-1upuvfrXIClsFTzbK8VNqIeoS64="
    },
    "git-shizzle": {
      "version": "0.0.3",
      "resolved": "https://registry.npmjs.org/git-shizzle/-/git-shizzle-0.0.3.tgz",
      "integrity": "sha1-YAv78zpJX/v8TpFAfOj8TOMlzT0="
    },
    "kuler": {
      "version": "0.0.0",
      "resolved": "https://registry.npmjs.org/kuler/-/kuler-0.0.0.tgz",
      "integrity": "sha1-tmu0a5NOVQ9Z2BiEjgq7pPf1VTw="
    },
    "lodash": {
      "version": "https://registry.npmjs.org/lodash/-/lodash-3.10.1.tgz",
      "integrity": "sha1-W/Rejkm6QYnhfUgnid/RW9FAt7Y="
    },
    "nan": {
      "version": "2.3.5",
      "resolved": "https://registry.npmjs.org/nan/-/nan-2.3.5.tgz",
      "integrity": "sha1-gioNwmYpDOTNOhIoLKPn42Rmigg="
    },
    "pico-speaker": {
      "version": "git+ssh://git@github.com/tom-s/pico-speaker.git#e1822e264d236b196f0d87830c6e9b9d8db7d13e",
      "integrity": "sha1-qRx7s/P3yeL4IpdPy+aoUMROIzE="
    },
    "play-sound": {
      "version": "https://registry.npmjs.org/play-sound/-/play-sound-0.0.9.tgz",
      "integrity": "sha1-6sQo69VnrXTRqtorHXrfLDE4FpU="
    },
    "predefine": {
      "version": "0.1.2",
      "resolved": "https://registry.npmjs.org/predefine/-/predefine-0.1.2.tgz",
      "integrity": "sha1-KqkrRJa8H4VU5DpF92v75Q0z038="
    },
    "pty.js": {
      "version": "0.3.1",
      "resolved": "https://registry.npmjs.org/pty.js/-/pty.js-0.3.1.tgz",
      "integrity": "sha1-gfW+0zLW5eeraFaI0boDc0ENUbU="
    },
    "q": {
      "version": "https://registry.npmjs.org/q/-/q-1.5.0.tgz",
      "integrity": "sha1-3QG6ydBtMObyGa7LglPunr3DCPE="
    },
    "shelljs": {
      "version": "0.3.0",
      "resolved": "https://registry.npmjs.org/shelljs/-/shelljs-0.3.0.tgz",
      "integrity": "sha1-NZbmMHp4FUT1kfN9phg2DzHbV7E="
    },
    "sync-exec": {
      "version": "https://registry.npmjs.org/sync-exec/-/sync-exec-0.6.2.tgz",
      "integrity": "sha1-cX0izFPwzh3vVZQ2LzqJouu5EQU="
    },
    "term.js": {
      "version": "0.0.7",
      "resolved": "https://registry.npmjs.org/term.js/-/term.js-0.0.7.tgz",
      "integrity": "sha1-Um8kz8Dy72+A9RfJ4n2ulHvIcxU="
    },
    "text-hex": {
      "version": "0.0.0",
      "resolved": "https://registry.npmjs.org/text-hex/-/text-hex-0.0.0.tgz",
      "integrity": "sha1-V4+8haapJjbkLdF7QdAhjM6esrM="
    },
    "threebar": {
      "version": "https://registry.npmjs.org/threebar/-/threebar-1.1.0.tgz",
      "integrity": "sha1-0x4kGtFs0PlEBPcza2NkxkaHlto="
    }
  }
}
